
Microsoft Visual Studio Solution File, Format Version 12.00
# Visual Studio 2013
VisualStudioVersion = 12.0.31101.0
MinimumVisualStudioVersion = 10.0.40219.1
Project("{FAE04EC0-301F-11D3-BF4B-00C04F79EFBC}") = "DotMercy", "DotMercy\DotMercy.csproj", "{0A4D9AA3-CB39-4B8F-A24B-034C5D982E72}"
EndProject
Project("{FAE04EC0-301F-11D3-BF4B-00C04F79EFBC}") = "DotWeb", "DotWeb\DotWeb.csproj", "{8CF552AA-80C6-4018-8BE9-CD1C4A862C6A}"
EndProject
Project("{FAE04EC0-301F-11D3-BF4B-00C04F79EFBC}") = "DotWeb.Generator", "DotWeb.Generator\DotWeb.Generator.csproj", "{F74AE975-17DA-480B-9A1B-5A889B979F84}"
EndProject
Global
	GlobalSection(SolutionConfigurationPlatforms) = preSolution
		Debug|Any CPU = Debug|Any CPU
		Release|Any CPU = Release|Any CPU
	EndGlobalSection
	GlobalSection(ProjectConfigurationPlatforms) = postSolution
		{0A4D9AA3-CB39-4B8F-A24B-034C5D982E72}.Debug|Any CPU.ActiveCfg = Debug|Any CPU
		{0A4D9AA3-CB39-4B8F-A24B-034C5D982E72}.Debug|Any CPU.Build.0 = Debug|Any CPU
		{0A4D9AA3-CB39-4B8F-A24B-034C5D982E72}.Release|Any CPU.ActiveCfg = Release|Any CPU
		{0A4D9AA3-CB39-4B8F-A24B-034C5D982E72}.Release|Any CPU.Build.0 = Release|Any CPU
		{8CF552AA-80C6-4018-8BE9-CD1C4A862C6A}.Debug|Any CPU.ActiveCfg = Debug|Any CPU
		{8CF552AA-80C6-4018-8BE9-CD1C4A862C6A}.Debug|Any CPU.Build.0 = Debug|Any CPU
		{8CF552AA-80C6-4018-8BE9-CD1C4A862C6A}.Release|Any CPU.ActiveCfg = Release|Any CPU
		{8CF552AA-80C6-4018-8BE9-CD1C4A862C6A}.Release|Any CPU.Build.0 = Release|Any CPU
		{F74AE975-17DA-480B-9A1B-5A889B979F84}.Debug|Any CPU.ActiveCfg = Debug|Any CPU
		{F74AE975-17DA-480B-9A1B-5A889B979F84}.Debug|Any CPU.Build.0 = Debug|Any CPU
		{F74AE975-17DA-480B-9A1B-5A889B979F84}.Release|Any CPU.ActiveCfg = Release|Any CPU
		{F74AE975-17DA-480B-9A1B-5A889B979F84}.Release|Any CPU.Build.0 = Release|Any CPU
	EndGlobalSection
	GlobalSection(SolutionProperties) = preSolution
		HideSolutionNode = FALSE
	EndGlobalSection
EndGlobal
